
Microsoft Visual Studio Solution File, Format Version 12.00
# Visual Studio Version 17
VisualStudioVersion = 17.10.35013.160
MinimumVisualStudioVersion = 10.0.40219.1
Project("{9A19103F-16F7-4668-BE54-9A1E7A4F7556}") = "LLMClientTool", "LLMClientTool.csproj", "{E1DA77BB-BCD0-4970-A785-E036E1B815AE}"
EndProject
Project("{FAE04EC0-301F-11D3-BF4B-00C04F79EFBC}") = "LLMClientToolTests", "..\LLMClientToolTests\LLMClientToolTests.csproj", "{B9592AC6-9713-4F83-BA40-333FB9EC93FE}"
EndProject
Global
	GlobalSection(SolutionConfigurationPlatforms) = preSolution
		Debug|Any CPU = Debug|Any CPU
		Release|Any CPU = Release|Any CPU
	EndGlobalSection
	GlobalSection(ProjectConfigurationPlatforms) = postSolution
		{E1DA77BB-BCD0-4970-A785-E036E1B815AE}.Debug|Any CPU.ActiveCfg = Debug|Any CPU
		{E1DA77BB-BCD0-4970-A785-E036E1B815AE}.Debug|Any CPU.Build.0 = Debug|Any CPU
		{E1DA77BB-BCD0-4970-A785-E036E1B815AE}.Release|Any CPU.ActiveCfg = Release|Any CPU
		{E1DA77BB-BCD0-4970-A785-E036E1B815AE}.Release|Any CPU.Build.0 = Release|Any CPU
		{B9592AC6-9713-4F83-BA40-333FB9EC93FE}.Debug|Any CPU.ActiveCfg = Debug|Any CPU
		{B9592AC6-9713-4F83-BA40-333FB9EC93FE}.Debug|Any CPU.Build.0 = Debug|Any CPU
		{B9592AC6-9713-4F83-BA40-333FB9EC93FE}.Release|Any CPU.ActiveCfg = Release|Any CPU
		{B9592AC6-9713-4F83-BA40-333FB9EC93FE}.Release|Any CPU.Build.0 = Release|Any CPU
	EndGlobalSection
	GlobalSection(SolutionProperties) = preSolution
		HideSolutionNode = FALSE
	EndGlobalSection
	GlobalSection(ExtensibilityGlobals) = postSolution
		SolutionGuid = {F7B8F58D-54E3-44A1-9CE6-76C064083E00}
	EndGlobalSection
EndGlobal
